
Microsoft Visual Studio Solution File, Format Version 12.00
# Visual Studio 15
VisualStudioVersion = 15.0.26430.16
MinimumVisualStudioVersion = 10.0.40219.1
Project("{8BC9CEB8-8B4A-11D0-8D11-00A0C91BC942}") = "Zadatak 6", "Zadatak 6\Zadatak 6.vcxproj", "{D45B920A-A798-4297-A987-A38CEC0897EF}"
EndProject
Project("{8BC9CEB8-8B4A-11D0-8D11-00A0C91BC942}") = "Zadatak 7", "Zadatak 7\Zadatak 7.vcxproj", "{259420E2-E9FA-4587-BEAA-15D8C8B50C7F}"
EndProject
Project("{8BC9CEB8-8B4A-11D0-8D11-00A0C91BC942}") = "Zadatak 8", "Zadatak 8\Zadatak 8.vcxproj", "{F1E8B74D-0C05-49CE-B8E0-C12DCBFE3F40}"
EndProject
Project("{8BC9CEB8-8B4A-11D0-8D11-00A0C91BC942}") = "Zadatak 9", "Zadatak 9\Zadatak 9.vcxproj", "{DFE0676F-E062-4484-838F-64C148C2959B}"
EndProject
Project("{8BC9CEB8-8B4A-11D0-8D11-00A0C91BC942}") = "Zadatak 11", "Zadatak 10\Zadatak 10.vcxproj", "{826CAA8B-DB07-49D2-A70D-22664EE050A9}"
EndProject
Project("{8BC9CEB8-8B4A-11D0-8D11-00A0C91BC942}") = "Zadatak 12", "Zadatak 12\Zadatak 12.vcxproj", "{3F81A5D2-6080-4C04-998E-0C3793CFA00F}"
EndProject
Project("{8BC9CEB8-8B4A-11D0-8D11-00A0C91BC942}") = "Zadatak 13", "Zadatak 13\Zadatak 13.vcxproj", "{308B5AAC-B32C-459C-81AE-83AE1901397A}"
EndProject
Project("{8BC9CEB8-8B4A-11D0-8D11-00A0C91BC942}") = "Zadatak 14", "Zadatak 14\Zadatak 14.vcxproj", "{CD00F300-F68D-4639-BABF-DD0B631762ED}"
EndProject
Global
	GlobalSection(SolutionConfigurationPlatforms) = preSolution
		Debug|x64 = Debug|x64
		Debug|x86 = Debug|x86
		Release|x64 = Release|x64
		Release|x86 = Release|x86
	EndGlobalSection
	GlobalSection(ProjectConfigurationPlatforms) = postSolution
		{D45B920A-A798-4297-A987-A38CEC0897EF}.Debug|x64.ActiveCfg = Debug|x64
		{D45B920A-A798-4297-A987-A38CEC0897EF}.Debug|x64.Build.0 = Debug|x64
		{D45B920A-A798-4297-A987-A38CEC0897EF}.Debug|x86.ActiveCfg = Debug|Win32
		{D45B920A-A798-4297-A987-A38CEC0897EF}.Debug|x86.Build.0 = Debug|Win32
		{D45B920A-A798-4297-A987-A38CEC0897EF}.Release|x64.ActiveCfg = Release|x64
		{D45B920A-A798-4297-A987-A38CEC0897EF}.Release|x64.Build.0 = Release|x64
		{D45B920A-A798-4297-A987-A38CEC0897EF}.Release|x86.ActiveCfg = Release|Win32
		{D45B920A-A798-4297-A987-A38CEC0897EF}.Release|x86.Build.0 = Release|Win32
		{259420E2-E9FA-4587-BEAA-15D8C8B50C7F}.Debug|x64.ActiveCfg = Debug|x64
		{259420E2-E9FA-4587-BEAA-15D8C8B50C7F}.Debug|x64.Build.0 = Debug|x64
		{259420E2-E9FA-4587-BEAA-15D8C8B50C7F}.Debug|x86.ActiveCfg = Debug|Win32
		{259420E2-E9FA-4587-BEAA-15D8C8B50C7F}.Debug|x86.Build.0 = Debug|Win32
		{259420E2-E9FA-4587-BEAA-15D8C8B50C7F}.Release|x64.ActiveCfg = Release|x64
		{259420E2-E9FA-4587-BEAA-15D8C8B50C7F}.Release|x64.Build.0 = Release|x64
		{259420E2-E9FA-4587-BEAA-15D8C8B50C7F}.Release|x86.ActiveCfg = Release|Win32
		{259420E2-E9FA-4587-BEAA-15D8C8B50C7F}.Release|x86.Build.0 = Release|Win32
		{F1E8B74D-0C05-49CE-B8E0-C12DCBFE3F40}.Debug|x64.ActiveCfg = Debug|x64
		{F1E8B74D-0C05-49CE-B8E0-C12DCBFE3F40}.Debug|x64.Build.0 = Debug|x64
		{F1E8B74D-0C05-49CE-B8E0-C12DCBFE3F40}.Debug|x86.ActiveCfg = Debug|Win32
		{F1E8B74D-0C05-49CE-B8E0-C12DCBFE3F40}.Debug|x86.Build.0 = Debug|Win32
		{F1E8B74D-0C05-49CE-B8E0-C12DCBFE3F40}.Release|x64.ActiveCfg = Release|x64
		{F1E8B74D-0C05-49CE-B8E0-C12DCBFE3F40}.Release|x64.Build.0 = Release|x64
		{F1E8B74D-0C05-49CE-B8E0-C12DCBFE3F40}.Release|x86.ActiveCfg = Release|Win32
		{F1E8B74D-0C05-49CE-B8E0-C12DCBFE3F40}.Release|x86.Build.0 = Release|Win32
		{DFE0676F-E062-4484-838F-64C148C2959B}.Debug|x64.ActiveCfg = Debug|x64
		{DFE0676F-E062-4484-838F-64C148C2959B}.Debug|x64.Build.0 = Debug|x64
		{DFE0676F-E062-4484-838F-64C148C2959B}.Debug|x86.ActiveCfg = Debug|Win32
		{DFE0676F-E062-4484-838F-64C148C2959B}.Debug|x86.Build.0 = Debug|Win32
		{DFE0676F-E062-4484-838F-64C148C2959B}.Release|x64.ActiveCfg = Release|x64
		{DFE0676F-E062-4484-838F-64C148C2959B}.Release|x64.Build.0 = Release|x64
		{DFE0676F-E062-4484-838F-64C148C2959B}.Release|x86.ActiveCfg = Release|Win32
		{DFE0676F-E062-4484-838F-64C148C2959B}.Release|x86.Build.0 = Release|Win32
		{826CAA8B-DB07-49D2-A70D-22664EE050A9}.Debug|x64.ActiveCfg = Debug|x64
		{826CAA8B-DB07-49D2-A70D-22664EE050A9}.Debug|x64.Build.0 = Debug|x64
		{826CAA8B-DB07-49D2-A70D-22664EE050A9}.Debug|x86.ActiveCfg = Debug|Win32
		{826CAA8B-DB07-49D2-A70D-22664EE050A9}.Debug|x86.Build.0 = Debug|Win32
		{826CAA8B-DB07-49D2-A70D-22664EE050A9}.Release|x64.ActiveCfg = Release|x64
		{826CAA8B-DB07-49D2-A70D-22664EE050A9}.Release|x64.Build.0 = Release|x64
		{826CAA8B-DB07-49D2-A70D-22664EE050A9}.Release|x86.ActiveCfg = Release|Win32
		{826CAA8B-DB07-49D2-A70D-22664EE050A9}.Release|x86.Build.0 = Release|Win32
		{3F81A5D2-6080-4C04-998E-0C3793CFA00F}.Debug|x64.ActiveCfg = Debug|x64
		{3F81A5D2-6080-4C04-998E-0C3793CFA00F}.Debug|x64.Build.0 = Debug|x64
		{3F81A5D2-6080-4C04-998E-0C3793CFA00F}.Debug|x86.ActiveCfg = Debug|Win32
		{3F81A5D2-6080-4C04-998E-0C3793CFA00F}.Debug|x86.Build.0 = Debug|Win32
		{3F81A5D2-6080-4C04-998E-0C3793CFA00F}.Release|x64.ActiveCfg = Release|x64
		{3F81A5D2-6080-4C04-998E-0C3793CFA00F}.Release|x64.Build.0 = Release|x64
		{3F81A5D2-6080-4C04-998E-0C3793CFA00F}.Release|x86.ActiveCfg = Release|Win32
		{3F81A5D2-6080-4C04-998E-0C3793CFA00F}.Release|x86.Build.0 = Release|Win32
		{308B5AAC-B32C-459C-81AE-83AE1901397A}.Debug|x64.ActiveCfg = Debug|x64
		{308B5AAC-B32C-459C-81AE-83AE1901397A}.Debug|x64.Build.0 = Debug|x64
		{308B5AAC-B32C-459C-81AE-83AE1901397A}.Debug|x86.ActiveCfg = Debug|Win32
		{308B5AAC-B32C-459C-81AE-83AE1901397A}.Debug|x86.Build.0 = Debug|Win32
		{308B5AAC-B32C-459C-81AE-83AE1901397A}.Release|x64.ActiveCfg = Release|x64
		{308B5AAC-B32C-459C-81AE-83AE1901397A}.Release|x64.Build.0 = Release|x64
		{308B5AAC-B32C-459C-81AE-83AE1901397A}.Release|x86.ActiveCfg = Release|Win32
		{308B5AAC-B32C-459C-81AE-83AE1901397A}.Release|x86.Build.0 = Release|Win32
		{CD00F300-F68D-4639-BABF-DD0B631762ED}.Debug|x64.ActiveCfg = Debug|x64
		{CD00F300-F68D-4639-BABF-DD0B631762ED}.Debug|x64.Build.0 = Debug|x64
		{CD00F300-F68D-4639-BABF-DD0B631762ED}.Debug|x86.ActiveCfg = Debug|Win32
		{CD00F300-F68D-4639-BABF-DD0B631762ED}.Debug|x86.Build.0 = Debug|Win32
		{CD00F300-F68D-4639-BABF-DD0B631762ED}.Release|x64.ActiveCfg = Release|x64
		{CD00F300-F68D-4639-BABF-DD0B631762ED}.Release|x64.Build.0 = Release|x64
		{CD00F300-F68D-4639-BABF-DD0B631762ED}.Release|x86.ActiveCfg = Release|Win32
		{CD00F300-F68D-4639-BABF-DD0B631762ED}.Release|x86.Build.0 = Release|Win32
	EndGlobalSection
	GlobalSection(SolutionProperties) = preSolution
		HideSolutionNode = FALSE
	EndGlobalSection
EndGlobal
