
Microsoft Visual Studio Solution File, Format Version 12.00
# Visual Studio 15
VisualStudioVersion = 15.0.26430.16
MinimumVisualStudioVersion = 10.0.40219.1
Project("{8BC9CEB8-8B4A-11D0-8D11-00A0C91BC942}") = "Firepit", "Firepit\Firepit.vcxproj", "{2444EC75-944B-488F-ADBA-207B162330D2}"
EndProject
Project("{8BC9CEB8-8B4A-11D0-8D11-00A0C91BC942}") = "Radius Kruga", "Radius Kruga\Radius Kruga.vcxproj", "{DAB35882-8A30-4D91-9F36-396EA5EC91B8}"
EndProject
Project("{8BC9CEB8-8B4A-11D0-8D11-00A0C91BC942}") = "Vjezbe2,  Zad12", "Vjezbe2,  Zad12\Vjezbe2,  Zad12.vcxproj", "{F9AF4F09-C3CA-42D0-B9FB-63A63DAA6A18}"
EndProject
Project("{8BC9CEB8-8B4A-11D0-8D11-00A0C91BC942}") = "Vjezbe 4", "Vjezbe 4\Vjezbe 4.vcxproj", "{62A5D70B-9598-4A42-B9A8-BA2DAE71133B}"
EndProject
Project("{8BC9CEB8-8B4A-11D0-8D11-00A0C91BC942}") = "Zadatak 9", "Zadatak 9\Zadatak 9.vcxproj", "{6D881059-EB09-4562-ACF2-8C383C37993B}"
EndProject
Project("{8BC9CEB8-8B4A-11D0-8D11-00A0C91BC942}") = "Lotto", "Lotto\Lotto.vcxproj", "{8230B878-F167-4461-AA91-12AA15D72524}"
EndProject
Project("{8BC9CEB8-8B4A-11D0-8D11-00A0C91BC942}") = "Vjezbe 5, Zad 7", "Vjezbe 5, Zad 7\Vjezbe 5, Zad 7.vcxproj", "{BAD02AD2-B662-4DE0-ADCF-2060F7C56D1A}"
EndProject
Project("{8BC9CEB8-8B4A-11D0-8D11-00A0C91BC942}") = "Vjezbe 5, Zad 8", "Vjezbe 5, Zad 8\Vjezbe 5, Zad 8.vcxproj", "{E7BFD367-93F4-479B-A31B-EC8B9D2C9883}"
EndProject
Project("{8BC9CEB8-8B4A-11D0-8D11-00A0C91BC942}") = "A graph", "A graph\A graph.vcxproj", "{1413B864-3115-439D-BE97-84AE0DBAFB7B}"
EndProject
Global
	GlobalSection(SolutionConfigurationPlatforms) = preSolution
		Debug|x64 = Debug|x64
		Debug|x86 = Debug|x86
		Release|x64 = Release|x64
		Release|x86 = Release|x86
	EndGlobalSection
	GlobalSection(ProjectConfigurationPlatforms) = postSolution
		{2444EC75-944B-488F-ADBA-207B162330D2}.Debug|x64.ActiveCfg = Debug|x64
		{2444EC75-944B-488F-ADBA-207B162330D2}.Debug|x64.Build.0 = Debug|x64
		{2444EC75-944B-488F-ADBA-207B162330D2}.Debug|x86.ActiveCfg = Debug|Win32
		{2444EC75-944B-488F-ADBA-207B162330D2}.Debug|x86.Build.0 = Debug|Win32
		{2444EC75-944B-488F-ADBA-207B162330D2}.Release|x64.ActiveCfg = Release|x64
		{2444EC75-944B-488F-ADBA-207B162330D2}.Release|x64.Build.0 = Release|x64
		{2444EC75-944B-488F-ADBA-207B162330D2}.Release|x86.ActiveCfg = Release|Win32
		{2444EC75-944B-488F-ADBA-207B162330D2}.Release|x86.Build.0 = Release|Win32
		{DAB35882-8A30-4D91-9F36-396EA5EC91B8}.Debug|x64.ActiveCfg = Debug|x64
		{DAB35882-8A30-4D91-9F36-396EA5EC91B8}.Debug|x64.Build.0 = Debug|x64
		{DAB35882-8A30-4D91-9F36-396EA5EC91B8}.Debug|x86.ActiveCfg = Debug|Win32
		{DAB35882-8A30-4D91-9F36-396EA5EC91B8}.Debug|x86.Build.0 = Debug|Win32
		{DAB35882-8A30-4D91-9F36-396EA5EC91B8}.Release|x64.ActiveCfg = Release|x64
		{DAB35882-8A30-4D91-9F36-396EA5EC91B8}.Release|x64.Build.0 = Release|x64
		{DAB35882-8A30-4D91-9F36-396EA5EC91B8}.Release|x86.ActiveCfg = Release|Win32
		{DAB35882-8A30-4D91-9F36-396EA5EC91B8}.Release|x86.Build.0 = Release|Win32
		{F9AF4F09-C3CA-42D0-B9FB-63A63DAA6A18}.Debug|x64.ActiveCfg = Debug|x64
		{F9AF4F09-C3CA-42D0-B9FB-63A63DAA6A18}.Debug|x64.Build.0 = Debug|x64
		{F9AF4F09-C3CA-42D0-B9FB-63A63DAA6A18}.Debug|x86.ActiveCfg = Debug|Win32
		{F9AF4F09-C3CA-42D0-B9FB-63A63DAA6A18}.Debug|x86.Build.0 = Debug|Win32
		{F9AF4F09-C3CA-42D0-B9FB-63A63DAA6A18}.Release|x64.ActiveCfg = Release|x64
		{F9AF4F09-C3CA-42D0-B9FB-63A63DAA6A18}.Release|x64.Build.0 = Release|x64
		{F9AF4F09-C3CA-42D0-B9FB-63A63DAA6A18}.Release|x86.ActiveCfg = Release|Win32
		{F9AF4F09-C3CA-42D0-B9FB-63A63DAA6A18}.Release|x86.Build.0 = Release|Win32
		{62A5D70B-9598-4A42-B9A8-BA2DAE71133B}.Debug|x64.ActiveCfg = Debug|x64
		{62A5D70B-9598-4A42-B9A8-BA2DAE71133B}.Debug|x64.Build.0 = Debug|x64
		{62A5D70B-9598-4A42-B9A8-BA2DAE71133B}.Debug|x86.ActiveCfg = Debug|Win32
		{62A5D70B-9598-4A42-B9A8-BA2DAE71133B}.Debug|x86.Build.0 = Debug|Win32
		{62A5D70B-9598-4A42-B9A8-BA2DAE71133B}.Release|x64.ActiveCfg = Release|x64
		{62A5D70B-9598-4A42-B9A8-BA2DAE71133B}.Release|x64.Build.0 = Release|x64
		{62A5D70B-9598-4A42-B9A8-BA2DAE71133B}.Release|x86.ActiveCfg = Release|Win32
		{62A5D70B-9598-4A42-B9A8-BA2DAE71133B}.Release|x86.Build.0 = Release|Win32
		{6D881059-EB09-4562-ACF2-8C383C37993B}.Debug|x64.ActiveCfg = Debug|x64
		{6D881059-EB09-4562-ACF2-8C383C37993B}.Debug|x64.Build.0 = Debug|x64
		{6D881059-EB09-4562-ACF2-8C383C37993B}.Debug|x86.ActiveCfg = Debug|Win32
		{6D881059-EB09-4562-ACF2-8C383C37993B}.Debug|x86.Build.0 = Debug|Win32
		{6D881059-EB09-4562-ACF2-8C383C37993B}.Release|x64.ActiveCfg = Release|x64
		{6D881059-EB09-4562-ACF2-8C383C37993B}.Release|x64.Build.0 = Release|x64
		{6D881059-EB09-4562-ACF2-8C383C37993B}.Release|x86.ActiveCfg = Release|Win32
		{6D881059-EB09-4562-ACF2-8C383C37993B}.Release|x86.Build.0 = Release|Win32
		{8230B878-F167-4461-AA91-12AA15D72524}.Debug|x64.ActiveCfg = Debug|x64
		{8230B878-F167-4461-AA91-12AA15D72524}.Debug|x64.Build.0 = Debug|x64
		{8230B878-F167-4461-AA91-12AA15D72524}.Debug|x86.ActiveCfg = Debug|Win32
		{8230B878-F167-4461-AA91-12AA15D72524}.Debug|x86.Build.0 = Debug|Win32
		{8230B878-F167-4461-AA91-12AA15D72524}.Release|x64.ActiveCfg = Release|x64
		{8230B878-F167-4461-AA91-12AA15D72524}.Release|x64.Build.0 = Release|x64
		{8230B878-F167-4461-AA91-12AA15D72524}.Release|x86.ActiveCfg = Release|Win32
		{8230B878-F167-4461-AA91-12AA15D72524}.Release|x86.Build.0 = Release|Win32
		{BAD02AD2-B662-4DE0-ADCF-2060F7C56D1A}.Debug|x64.ActiveCfg = Debug|x64
		{BAD02AD2-B662-4DE0-ADCF-2060F7C56D1A}.Debug|x64.Build.0 = Debug|x64
		{BAD02AD2-B662-4DE0-ADCF-2060F7C56D1A}.Debug|x86.ActiveCfg = Debug|Win32
		{BAD02AD2-B662-4DE0-ADCF-2060F7C56D1A}.Debug|x86.Build.0 = Debug|Win32
		{BAD02AD2-B662-4DE0-ADCF-2060F7C56D1A}.Release|x64.ActiveCfg = Release|x64
		{BAD02AD2-B662-4DE0-ADCF-2060F7C56D1A}.Release|x64.Build.0 = Release|x64
		{BAD02AD2-B662-4DE0-ADCF-2060F7C56D1A}.Release|x86.ActiveCfg = Release|Win32
		{BAD02AD2-B662-4DE0-ADCF-2060F7C56D1A}.Release|x86.Build.0 = Release|Win32
		{E7BFD367-93F4-479B-A31B-EC8B9D2C9883}.Debug|x64.ActiveCfg = Debug|x64
		{E7BFD367-93F4-479B-A31B-EC8B9D2C9883}.Debug|x64.Build.0 = Debug|x64
		{E7BFD367-93F4-479B-A31B-EC8B9D2C9883}.Debug|x86.ActiveCfg = Debug|Win32
		{E7BFD367-93F4-479B-A31B-EC8B9D2C9883}.Debug|x86.Build.0 = Debug|Win32
		{E7BFD367-93F4-479B-A31B-EC8B9D2C9883}.Release|x64.ActiveCfg = Release|x64
		{E7BFD367-93F4-479B-A31B-EC8B9D2C9883}.Release|x64.Build.0 = Release|x64
		{E7BFD367-93F4-479B-A31B-EC8B9D2C9883}.Release|x86.ActiveCfg = Release|Win32
		{E7BFD367-93F4-479B-A31B-EC8B9D2C9883}.Release|x86.Build.0 = Release|Win32
		{1413B864-3115-439D-BE97-84AE0DBAFB7B}.Debug|x64.ActiveCfg = Debug|x64
		{1413B864-3115-439D-BE97-84AE0DBAFB7B}.Debug|x64.Build.0 = Debug|x64
		{1413B864-3115-439D-BE97-84AE0DBAFB7B}.Debug|x86.ActiveCfg = Debug|Win32
		{1413B864-3115-439D-BE97-84AE0DBAFB7B}.Debug|x86.Build.0 = Debug|Win32
		{1413B864-3115-439D-BE97-84AE0DBAFB7B}.Release|x64.ActiveCfg = Release|x64
		{1413B864-3115-439D-BE97-84AE0DBAFB7B}.Release|x64.Build.0 = Release|x64
		{1413B864-3115-439D-BE97-84AE0DBAFB7B}.Release|x86.ActiveCfg = Release|Win32
		{1413B864-3115-439D-BE97-84AE0DBAFB7B}.Release|x86.Build.0 = Release|Win32
	EndGlobalSection
	GlobalSection(SolutionProperties) = preSolution
		HideSolutionNode = FALSE
	EndGlobalSection
EndGlobal
