
Microsoft Visual Studio Solution File, Format Version 12.00
# Visual Studio 15
VisualStudioVersion = 15.0.26430.16
MinimumVisualStudioVersion = 10.0.40219.1
Project("{8BC9CEB8-8B4A-11D0-8D11-00A0C91BC942}") = "Zad 1", "Zad 1\Zad 1.vcxproj", "{4F2B951F-2904-4566-AB6D-49A771DEC47C}"
EndProject
Project("{8BC9CEB8-8B4A-11D0-8D11-00A0C91BC942}") = "Zad 2", "Zad 2\Zad 2.vcxproj", "{1CFE9304-A40D-42FB-8D3A-96BD6670CF91}"
EndProject
Project("{8BC9CEB8-8B4A-11D0-8D11-00A0C91BC942}") = "Zad 3", "Zad 3\Zad 3.vcxproj", "{0E1526A8-367A-46FB-89EE-A2E1D610A573}"
EndProject
Project("{8BC9CEB8-8B4A-11D0-8D11-00A0C91BC942}") = "Zad 4", "Zad 4\Zad 4.vcxproj", "{108989AF-4A1A-4491-AAAD-70714F5542B0}"
EndProject
Project("{8BC9CEB8-8B4A-11D0-8D11-00A0C91BC942}") = "Zad 5", "ConsoleApplication1\ConsoleApplication1.vcxproj", "{7248966B-524C-47F9-869D-0B30ABE23550}"
EndProject
Project("{8BC9CEB8-8B4A-11D0-8D11-00A0C91BC942}") = "Zad 6", "Zad 6\Zad 6.vcxproj", "{6F1319FC-3E85-4233-A368-D9BD134F3DFF}"
EndProject
Project("{8BC9CEB8-8B4A-11D0-8D11-00A0C91BC942}") = "Zad 7", "Zad 7\Zad 7.vcxproj", "{EB2A6114-9E11-469F-BA0B-8041FD30507E}"
EndProject
Project("{8BC9CEB8-8B4A-11D0-8D11-00A0C91BC942}") = "Vek Zad 1", "Vek Zad 1\Vek Zad 1.vcxproj", "{DC8070A4-AA36-4241-8973-8B00480E2EE1}"
EndProject
Project("{8BC9CEB8-8B4A-11D0-8D11-00A0C91BC942}") = "Vek Zad 2", "Vek Zad 2\Vek Zad 2.vcxproj", "{1FFF202B-E392-488F-9326-DDCF73411B59}"
EndProject
Project("{8BC9CEB8-8B4A-11D0-8D11-00A0C91BC942}") = "Vek Zad 8", "Vek Zad 8\Vek Zad 8.vcxproj", "{99F9D0AD-8CDA-4F79-AABC-58C4AE8FD38C}"
EndProject
Project("{8BC9CEB8-8B4A-11D0-8D11-00A0C91BC942}") = "Funkcije Zad 7", "Funkcije Zad 7\Funkcije Zad 7.vcxproj", "{AC4EED4F-5FD3-4D97-965B-2C63FFE53770}"
EndProject
Project("{8BC9CEB8-8B4A-11D0-8D11-00A0C91BC942}") = "Reverse Da Number", "Reverse Da Number\Reverse Da Number.vcxproj", "{3273E982-7BC6-4CF9-83C3-45FD81CCC03B}"
EndProject
Global
	GlobalSection(SolutionConfigurationPlatforms) = preSolution
		Debug|x64 = Debug|x64
		Debug|x86 = Debug|x86
		Release|x64 = Release|x64
		Release|x86 = Release|x86
	EndGlobalSection
	GlobalSection(ProjectConfigurationPlatforms) = postSolution
		{4F2B951F-2904-4566-AB6D-49A771DEC47C}.Debug|x64.ActiveCfg = Debug|x64
		{4F2B951F-2904-4566-AB6D-49A771DEC47C}.Debug|x64.Build.0 = Debug|x64
		{4F2B951F-2904-4566-AB6D-49A771DEC47C}.Debug|x86.ActiveCfg = Debug|Win32
		{4F2B951F-2904-4566-AB6D-49A771DEC47C}.Debug|x86.Build.0 = Debug|Win32
		{4F2B951F-2904-4566-AB6D-49A771DEC47C}.Release|x64.ActiveCfg = Release|x64
		{4F2B951F-2904-4566-AB6D-49A771DEC47C}.Release|x64.Build.0 = Release|x64
		{4F2B951F-2904-4566-AB6D-49A771DEC47C}.Release|x86.ActiveCfg = Release|Win32
		{4F2B951F-2904-4566-AB6D-49A771DEC47C}.Release|x86.Build.0 = Release|Win32
		{1CFE9304-A40D-42FB-8D3A-96BD6670CF91}.Debug|x64.ActiveCfg = Debug|x64
		{1CFE9304-A40D-42FB-8D3A-96BD6670CF91}.Debug|x64.Build.0 = Debug|x64
		{1CFE9304-A40D-42FB-8D3A-96BD6670CF91}.Debug|x86.ActiveCfg = Debug|Win32
		{1CFE9304-A40D-42FB-8D3A-96BD6670CF91}.Debug|x86.Build.0 = Debug|Win32
		{1CFE9304-A40D-42FB-8D3A-96BD6670CF91}.Release|x64.ActiveCfg = Release|x64
		{1CFE9304-A40D-42FB-8D3A-96BD6670CF91}.Release|x64.Build.0 = Release|x64
		{1CFE9304-A40D-42FB-8D3A-96BD6670CF91}.Release|x86.ActiveCfg = Release|Win32
		{1CFE9304-A40D-42FB-8D3A-96BD6670CF91}.Release|x86.Build.0 = Release|Win32
		{0E1526A8-367A-46FB-89EE-A2E1D610A573}.Debug|x64.ActiveCfg = Debug|x64
		{0E1526A8-367A-46FB-89EE-A2E1D610A573}.Debug|x64.Build.0 = Debug|x64
		{0E1526A8-367A-46FB-89EE-A2E1D610A573}.Debug|x86.ActiveCfg = Debug|Win32
		{0E1526A8-367A-46FB-89EE-A2E1D610A573}.Debug|x86.Build.0 = Debug|Win32
		{0E1526A8-367A-46FB-89EE-A2E1D610A573}.Release|x64.ActiveCfg = Release|x64
		{0E1526A8-367A-46FB-89EE-A2E1D610A573}.Release|x64.Build.0 = Release|x64
		{0E1526A8-367A-46FB-89EE-A2E1D610A573}.Release|x86.ActiveCfg = Release|Win32
		{0E1526A8-367A-46FB-89EE-A2E1D610A573}.Release|x86.Build.0 = Release|Win32
		{108989AF-4A1A-4491-AAAD-70714F5542B0}.Debug|x64.ActiveCfg = Debug|x64
		{108989AF-4A1A-4491-AAAD-70714F5542B0}.Debug|x64.Build.0 = Debug|x64
		{108989AF-4A1A-4491-AAAD-70714F5542B0}.Debug|x86.ActiveCfg = Debug|Win32
		{108989AF-4A1A-4491-AAAD-70714F5542B0}.Debug|x86.Build.0 = Debug|Win32
		{108989AF-4A1A-4491-AAAD-70714F5542B0}.Release|x64.ActiveCfg = Release|x64
		{108989AF-4A1A-4491-AAAD-70714F5542B0}.Release|x64.Build.0 = Release|x64
		{108989AF-4A1A-4491-AAAD-70714F5542B0}.Release|x86.ActiveCfg = Release|Win32
		{108989AF-4A1A-4491-AAAD-70714F5542B0}.Release|x86.Build.0 = Release|Win32
		{7248966B-524C-47F9-869D-0B30ABE23550}.Debug|x64.ActiveCfg = Debug|x64
		{7248966B-524C-47F9-869D-0B30ABE23550}.Debug|x64.Build.0 = Debug|x64
		{7248966B-524C-47F9-869D-0B30ABE23550}.Debug|x86.ActiveCfg = Debug|Win32
		{7248966B-524C-47F9-869D-0B30ABE23550}.Debug|x86.Build.0 = Debug|Win32
		{7248966B-524C-47F9-869D-0B30ABE23550}.Release|x64.ActiveCfg = Release|x64
		{7248966B-524C-47F9-869D-0B30ABE23550}.Release|x64.Build.0 = Release|x64
		{7248966B-524C-47F9-869D-0B30ABE23550}.Release|x86.ActiveCfg = Release|Win32
		{7248966B-524C-47F9-869D-0B30ABE23550}.Release|x86.Build.0 = Release|Win32
		{6F1319FC-3E85-4233-A368-D9BD134F3DFF}.Debug|x64.ActiveCfg = Debug|x64
		{6F1319FC-3E85-4233-A368-D9BD134F3DFF}.Debug|x64.Build.0 = Debug|x64
		{6F1319FC-3E85-4233-A368-D9BD134F3DFF}.Debug|x86.ActiveCfg = Debug|Win32
		{6F1319FC-3E85-4233-A368-D9BD134F3DFF}.Debug|x86.Build.0 = Debug|Win32
		{6F1319FC-3E85-4233-A368-D9BD134F3DFF}.Release|x64.ActiveCfg = Release|x64
		{6F1319FC-3E85-4233-A368-D9BD134F3DFF}.Release|x64.Build.0 = Release|x64
		{6F1319FC-3E85-4233-A368-D9BD134F3DFF}.Release|x86.ActiveCfg = Release|Win32
		{6F1319FC-3E85-4233-A368-D9BD134F3DFF}.Release|x86.Build.0 = Release|Win32
		{EB2A6114-9E11-469F-BA0B-8041FD30507E}.Debug|x64.ActiveCfg = Debug|x64
		{EB2A6114-9E11-469F-BA0B-8041FD30507E}.Debug|x64.Build.0 = Debug|x64
		{EB2A6114-9E11-469F-BA0B-8041FD30507E}.Debug|x86.ActiveCfg = Debug|Win32
		{EB2A6114-9E11-469F-BA0B-8041FD30507E}.Debug|x86.Build.0 = Debug|Win32
		{EB2A6114-9E11-469F-BA0B-8041FD30507E}.Release|x64.ActiveCfg = Release|x64
		{EB2A6114-9E11-469F-BA0B-8041FD30507E}.Release|x64.Build.0 = Release|x64
		{EB2A6114-9E11-469F-BA0B-8041FD30507E}.Release|x86.ActiveCfg = Release|Win32
		{EB2A6114-9E11-469F-BA0B-8041FD30507E}.Release|x86.Build.0 = Release|Win32
		{DC8070A4-AA36-4241-8973-8B00480E2EE1}.Debug|x64.ActiveCfg = Debug|x64
		{DC8070A4-AA36-4241-8973-8B00480E2EE1}.Debug|x64.Build.0 = Debug|x64
		{DC8070A4-AA36-4241-8973-8B00480E2EE1}.Debug|x86.ActiveCfg = Debug|Win32
		{DC8070A4-AA36-4241-8973-8B00480E2EE1}.Debug|x86.Build.0 = Debug|Win32
		{DC8070A4-AA36-4241-8973-8B00480E2EE1}.Release|x64.ActiveCfg = Release|x64
		{DC8070A4-AA36-4241-8973-8B00480E2EE1}.Release|x64.Build.0 = Release|x64
		{DC8070A4-AA36-4241-8973-8B00480E2EE1}.Release|x86.ActiveCfg = Release|Win32
		{DC8070A4-AA36-4241-8973-8B00480E2EE1}.Release|x86.Build.0 = Release|Win32
		{1FFF202B-E392-488F-9326-DDCF73411B59}.Debug|x64.ActiveCfg = Debug|x64
		{1FFF202B-E392-488F-9326-DDCF73411B59}.Debug|x64.Build.0 = Debug|x64
		{1FFF202B-E392-488F-9326-DDCF73411B59}.Debug|x86.ActiveCfg = Debug|Win32
		{1FFF202B-E392-488F-9326-DDCF73411B59}.Debug|x86.Build.0 = Debug|Win32
		{1FFF202B-E392-488F-9326-DDCF73411B59}.Release|x64.ActiveCfg = Release|x64
		{1FFF202B-E392-488F-9326-DDCF73411B59}.Release|x64.Build.0 = Release|x64
		{1FFF202B-E392-488F-9326-DDCF73411B59}.Release|x86.ActiveCfg = Release|Win32
		{1FFF202B-E392-488F-9326-DDCF73411B59}.Release|x86.Build.0 = Release|Win32
		{99F9D0AD-8CDA-4F79-AABC-58C4AE8FD38C}.Debug|x64.ActiveCfg = Debug|x64
		{99F9D0AD-8CDA-4F79-AABC-58C4AE8FD38C}.Debug|x64.Build.0 = Debug|x64
		{99F9D0AD-8CDA-4F79-AABC-58C4AE8FD38C}.Debug|x86.ActiveCfg = Debug|Win32
		{99F9D0AD-8CDA-4F79-AABC-58C4AE8FD38C}.Debug|x86.Build.0 = Debug|Win32
		{99F9D0AD-8CDA-4F79-AABC-58C4AE8FD38C}.Release|x64.ActiveCfg = Release|x64
		{99F9D0AD-8CDA-4F79-AABC-58C4AE8FD38C}.Release|x64.Build.0 = Release|x64
		{99F9D0AD-8CDA-4F79-AABC-58C4AE8FD38C}.Release|x86.ActiveCfg = Release|Win32
		{99F9D0AD-8CDA-4F79-AABC-58C4AE8FD38C}.Release|x86.Build.0 = Release|Win32
		{AC4EED4F-5FD3-4D97-965B-2C63FFE53770}.Debug|x64.ActiveCfg = Debug|x64
		{AC4EED4F-5FD3-4D97-965B-2C63FFE53770}.Debug|x64.Build.0 = Debug|x64
		{AC4EED4F-5FD3-4D97-965B-2C63FFE53770}.Debug|x86.ActiveCfg = Debug|Win32
		{AC4EED4F-5FD3-4D97-965B-2C63FFE53770}.Debug|x86.Build.0 = Debug|Win32
		{AC4EED4F-5FD3-4D97-965B-2C63FFE53770}.Release|x64.ActiveCfg = Release|x64
		{AC4EED4F-5FD3-4D97-965B-2C63FFE53770}.Release|x64.Build.0 = Release|x64
		{AC4EED4F-5FD3-4D97-965B-2C63FFE53770}.Release|x86.ActiveCfg = Release|Win32
		{AC4EED4F-5FD3-4D97-965B-2C63FFE53770}.Release|x86.Build.0 = Release|Win32
		{3273E982-7BC6-4CF9-83C3-45FD81CCC03B}.Debug|x64.ActiveCfg = Debug|x64
		{3273E982-7BC6-4CF9-83C3-45FD81CCC03B}.Debug|x64.Build.0 = Debug|x64
		{3273E982-7BC6-4CF9-83C3-45FD81CCC03B}.Debug|x86.ActiveCfg = Debug|Win32
		{3273E982-7BC6-4CF9-83C3-45FD81CCC03B}.Debug|x86.Build.0 = Debug|Win32
		{3273E982-7BC6-4CF9-83C3-45FD81CCC03B}.Release|x64.ActiveCfg = Release|x64
		{3273E982-7BC6-4CF9-83C3-45FD81CCC03B}.Release|x64.Build.0 = Release|x64
		{3273E982-7BC6-4CF9-83C3-45FD81CCC03B}.Release|x86.ActiveCfg = Release|Win32
		{3273E982-7BC6-4CF9-83C3-45FD81CCC03B}.Release|x86.Build.0 = Release|Win32
	EndGlobalSection
	GlobalSection(SolutionProperties) = preSolution
		HideSolutionNode = FALSE
	EndGlobalSection
EndGlobal
